
Microsoft Visual Studio Solution File, Format Version 12.00
# Visual Studio Version 16
VisualStudioVersion = 16.0.28803.156
MinimumVisualStudioVersion = 10.0.40219.1
Project("{FAE04EC0-301F-11D3-BF4B-00C04F79EFBC}") = "TaskManager-WPF", "TaskManager-wpf\TaskManager-WPF.csproj", "{81D9A849-B02C-4556-B111-174143361597}"
EndProject
Project("{9A19103F-16F7-4668-BE54-9A1E7A4F7556}") = "TaskManager-Models", "TaskManager-Models\TaskManager-Models.csproj", "{B2AEF5CD-0E36-4C2F-8DE4-4C1AA2E93615}"
EndProject
Project("{9A19103F-16F7-4668-BE54-9A1E7A4F7556}") = "TaskManager-WebApi", "TaskManager-WebApi\TaskManager-WebApi.csproj", "{6F88B670-AD6B-4E89-94EC-9DB09AF6A9B8}"
EndProject
Project("{FAE04EC0-301F-11D3-BF4B-00C04F79EFBC}") = "TaskManager-WPF-Tests", "TaskManager-WPF-Tests\TaskManager-WPF-Tests.csproj", "{309CE906-317C-457E-9C59-33B9B1D72B43}"
EndProject
Global
	GlobalSection(SolutionConfigurationPlatforms) = preSolution
		Debug|Any CPU = Debug|Any CPU
		Release|Any CPU = Release|Any CPU
	EndGlobalSection
	GlobalSection(ProjectConfigurationPlatforms) = postSolution
		{81D9A849-B02C-4556-B111-174143361597}.Debug|Any CPU.ActiveCfg = Debug|Any CPU
		{81D9A849-B02C-4556-B111-174143361597}.Debug|Any CPU.Build.0 = Debug|Any CPU
		{81D9A849-B02C-4556-B111-174143361597}.Release|Any CPU.ActiveCfg = Debug|Any CPU
		{81D9A849-B02C-4556-B111-174143361597}.Release|Any CPU.Build.0 = Debug|Any CPU
		{B2AEF5CD-0E36-4C2F-8DE4-4C1AA2E93615}.Debug|Any CPU.ActiveCfg = Debug|Any CPU
		{B2AEF5CD-0E36-4C2F-8DE4-4C1AA2E93615}.Debug|Any CPU.Build.0 = Debug|Any CPU
		{B2AEF5CD-0E36-4C2F-8DE4-4C1AA2E93615}.Release|Any CPU.ActiveCfg = Release|Any CPU
		{B2AEF5CD-0E36-4C2F-8DE4-4C1AA2E93615}.Release|Any CPU.Build.0 = Release|Any CPU
		{6F88B670-AD6B-4E89-94EC-9DB09AF6A9B8}.Debug|Any CPU.ActiveCfg = Debug|Any CPU
		{6F88B670-AD6B-4E89-94EC-9DB09AF6A9B8}.Debug|Any CPU.Build.0 = Debug|Any CPU
		{6F88B670-AD6B-4E89-94EC-9DB09AF6A9B8}.Release|Any CPU.ActiveCfg = Release|Any CPU
		{6F88B670-AD6B-4E89-94EC-9DB09AF6A9B8}.Release|Any CPU.Build.0 = Release|Any CPU
		{309CE906-317C-457E-9C59-33B9B1D72B43}.Debug|Any CPU.ActiveCfg = Debug|Any CPU
		{309CE906-317C-457E-9C59-33B9B1D72B43}.Debug|Any CPU.Build.0 = Debug|Any CPU
		{309CE906-317C-457E-9C59-33B9B1D72B43}.Release|Any CPU.ActiveCfg = Release|Any CPU
		{309CE906-317C-457E-9C59-33B9B1D72B43}.Release|Any CPU.Build.0 = Release|Any CPU
	EndGlobalSection
	GlobalSection(SolutionProperties) = preSolution
		HideSolutionNode = FALSE
	EndGlobalSection
	GlobalSection(ExtensibilityGlobals) = postSolution
		SolutionGuid = {262224CC-01A4-4E9F-87ED-ECC4A5B4A594}
	EndGlobalSection
EndGlobal
