
Microsoft Visual Studio Solution File, Format Version 12.00
# Visual Studio 15
VisualStudioVersion = 15.0.27703.2035
MinimumVisualStudioVersion = 10.0.40219.1
Project("{FAE04EC0-301F-11D3-BF4B-00C04F79EFBC}") = "TaskManager", "TaskManager\TaskManager.csproj", "{81D9A849-B02C-4556-B111-174143361597}"
EndProject
Project("{9A19103F-16F7-4668-BE54-9A1E7A4F7556}") = "TaskManager-Webapi", "TaskManager-webapi\TaskManager-Webapi.csproj", "{AFBA63B9-B675-4A09-9542-DDFFB9EC37F6}"
EndProject
Global
	GlobalSection(SolutionConfigurationPlatforms) = preSolution
		Debug|Any CPU = Debug|Any CPU
		Release|Any CPU = Release|Any CPU
	EndGlobalSection
	GlobalSection(ProjectConfigurationPlatforms) = postSolution
		{81D9A849-B02C-4556-B111-174143361597}.Debug|Any CPU.ActiveCfg = Debug|Any CPU
		{81D9A849-B02C-4556-B111-174143361597}.Debug|Any CPU.Build.0 = Debug|Any CPU
		{81D9A849-B02C-4556-B111-174143361597}.Release|Any CPU.ActiveCfg = Release|Any CPU
		{81D9A849-B02C-4556-B111-174143361597}.Release|Any CPU.Build.0 = Release|Any CPU
		{AFBA63B9-B675-4A09-9542-DDFFB9EC37F6}.Debug|Any CPU.ActiveCfg = Debug|Any CPU
		{AFBA63B9-B675-4A09-9542-DDFFB9EC37F6}.Debug|Any CPU.Build.0 = Debug|Any CPU
		{AFBA63B9-B675-4A09-9542-DDFFB9EC37F6}.Release|Any CPU.ActiveCfg = Release|Any CPU
		{AFBA63B9-B675-4A09-9542-DDFFB9EC37F6}.Release|Any CPU.Build.0 = Release|Any CPU
	EndGlobalSection
	GlobalSection(SolutionProperties) = preSolution
		HideSolutionNode = FALSE
	EndGlobalSection
	GlobalSection(ExtensibilityGlobals) = postSolution
		SolutionGuid = {262224CC-01A4-4E9F-87ED-ECC4A5B4A594}
	EndGlobalSection
EndGlobal
